schema: '2.0'
stages:
  preprocess:
    cmd: python src/preprocess_new_data.py
    deps:
    - path: data/Obesity.csv
      hash: md5
      md5: e660c01e3c20b80994c4f92eb539d482
      size: 261534
    - path: src/preprocess_new_data.py
      hash: md5
      md5: d9b5907c9e4ccda049f843c56b5bb024
      size: 3627
    outs:
    - path: artifacts/data
      hash: md5
      md5: 75ae255915cb8743c29f9480aec7b7e5.dir
      size: 253696
      nfiles: 4
    - path: artifacts/preprocessing
      hash: md5
      md5: a0c0764226dda29b470820c6a8a8d02d.dir
      size: 1607
      nfiles: 1
  train:
    cmd: python src/model.py
    deps:
    - path: artifacts/data
      hash: md5
      md5: a6a16dad9d5b940a400f41395f669c43.dir
      size: 496128
      nfiles: 6
    - path: src/model.py
      hash: md5
      md5: 3df95d1896f3b9cb884a74f2c5830a70
      size: 8335
    outs:
    - path: artifacts/feature_columns.json
      hash: md5
      md5: 2cfb386eeda99610bbe3184c28eb6e5c
      size: 411
    - path: artifacts/models/best_model.pkl
      hash: md5
      md5: ff6b47164bccc222112bb3a1cd207511
      size: 8161
    - path: artifacts/target_columns.json
      hash: md5
      md5: e336488703e11debffc6bf0718327915
      size: 181
  monitor:
    cmd: python src/monitor.py
    deps:
    - path: artifacts/data
      hash: md5
      md5: a6a16dad9d5b940a400f41395f669c43.dir
      size: 496128
      nfiles: 6
    - path: artifacts/models/best_model.pkl
      hash: md5
      md5: ff6b47164bccc222112bb3a1cd207511
      size: 8161
    - path: src/monitor.py
      hash: md5
      md5: 8efa01e17d1b097d1bb31875ccba789c
      size: 2595
    outs:
    - path: artifacts/metrics/monitoring_metrics.json
      hash: md5
      md5: fa38e96121201be7788b9ddd14481073
      size: 151
    - path: monitoring/reports/drift_report.json
      hash: md5
      md5: f86547355ff21e4a0b15705a0b847c0a
      size: 180
